<?xml version="1.0" encoding="utf-8"?>
<Project ToolsVersion="4.0" xmlns="http://schemas.microsoft.com/developer/msbuild/2003">
  <ItemGroup>
    <Filter Include="Source Files">
      <UniqueIdentifier>{4FC737F1-C7A5-4376-A066-2A32D752A2FF}</UniqueIdentifier>
      <Extensions>cpp;c;cc;cxx;def;odl;idl;hpj;bat;asm;asmx</Extensions>
    </Filter>
    <Filter Include="Header Files">
      <UniqueIdentifier>{93995380-89BD-4b04-88EB-625FBE52EBFB}</UniqueIdentifier>
      <Extensions>h;hh;hpp;hxx;hm;inl;inc;xsd</Extensions>
    </Filter>
    <Filter Include="Resource Files">
      <UniqueIdentifier>{67DA6AB6-F800-4c08-8B7A-83BB121AAD01}</UniqueIdentifier>
      <Extensions>rc;ico;cur;bmp;dlg;rc2;rct;bin;rgs;gif;jpg;jpeg;jpe;resx;tiff;tif;png;wav;mfcribbon-ms</Extensions>
    </Filter>
    <Filter Include="GUI">
      <UniqueIdentifier>{c7044fc7-798c-42e6-a337-c41846c5c449}</UniqueIdentifier>
    </Filter>
    <Filter Include="Math">
      <UniqueIdentifier>{36247b55-30d1-478f-a016-a39ff2fa69ff}</UniqueIdentifier>
    </Filter>
    <Filter Include="Misc">
      <UniqueIdentifier>{cf3f0ebd-3c63-4337-ba06-b46d8296224f}</UniqueIdentifier>
    </Filter>
    <Filter Include="GeometricObjects">
      <UniqueIdentifier>{d16fd089-f1d2-43da-9ea8-f8a1255b27dd}</UniqueIdentifier>
    </Filter>
    <Filter Include="Utilities">
      <UniqueIdentifier>{b1e2b25d-41dc-4e6b-a70a-46fef97febaa}</UniqueIdentifier>
    </Filter>
    <Filter Include="Color">
      <UniqueIdentifier>{5a0616be-5012-4aa5-afb1-1d3e97a67358}</UniqueIdentifier>
    </Filter>
    <Filter Include="ImageExport">
      <UniqueIdentifier>{29f0f4fb-634b-4e1c-8824-15292d2d2d9e}</UniqueIdentifier>
    </Filter>
    <Filter Include="Materials">
      <UniqueIdentifier>{9223327c-577d-4cc1-b82b-bf1c21955aa0}</UniqueIdentifier>
    </Filter>
  </ItemGroup>
  <ItemGroup>
    <Text Include="ReadMe.txt" />
  </ItemGroup>
  <ItemGroup>
    <ClInclude Include="stdafx.h">
      <Filter>Header Files</Filter>
    </ClInclude>
    <ClInclude Include="targetver.h">
      <Filter>Header Files</Filter>
    </ClInclude>
    <ClInclude Include="Resource.h">
      <Filter>Header Files</Filter>
    </ClInclude>
    <ClInclude Include="GreenTopazTracer.h">
      <Filter>Header Files</Filter>
    </ClInclude>
    <ClInclude Include="MainWindow.h">
      <Filter>GUI</Filter>
    </ClInclude>
    <ClInclude Include="Exception.h">
      <Filter>Misc</Filter>
    </ClInclude>
    <ClInclude Include="Vector3.h">
      <Filter>Math</Filter>
    </ClInclude>
    <ClInclude Include="GeometricObject.h">
      <Filter>GeometricObjects</Filter>
    </ClInclude>
    <ClInclude Include="Sphere.h">
      <Filter>GeometricObjects</Filter>
    </ClInclude>
    <ClInclude Include="Ray.h">
      <Filter>Utilities</Filter>
    </ClInclude>
    <ClInclude Include="HitInfo.h">
      <Filter>Utilities</Filter>
    </ClInclude>
    <ClInclude Include="Color.h">
      <Filter>Color</Filter>
    </ClInclude>
    <ClInclude Include="ImagePlane.h">
      <Filter>Header Files</Filter>
    </ClInclude>
    <ClInclude Include="Scene.h">
      <Filter>Header Files</Filter>
    </ClInclude>
    <ClInclude Include="Plane.h">
      <Filter>GeometricObjects</Filter>
    </ClInclude>
    <ClInclude Include="ImageProcessor.h">
      <Filter>ImageExport</Filter>
    </ClInclude>
    <ClInclude Include="Sampler.h">
      <Filter>Header Files</Filter>
    </ClInclude>
    <ClInclude Include="PixelCounter.h">
      <Filter>Header Files</Filter>
    </ClInclude>
    <ClInclude Include="MaterialPhong.h">
      <Filter>Materials</Filter>
    </ClInclude>
    <ClInclude Include="Material.h">
      <Filter>Materials</Filter>
    </ClInclude>
    <ClInclude Include="MaterialEmissive.h">
      <Filter>Materials</Filter>
    </ClInclude>
    <ClInclude Include="MaterialType.h">
      <Filter>Materials</Filter>
    </ClInclude>
  </ItemGroup>
  <ItemGroup>
    <ClCompile Include="stdafx.cpp">
      <Filter>Source Files</Filter>
    </ClCompile>
    <ClCompile Include="GreenTopazTracer.cpp">
      <Filter>Source Files</Filter>
    </ClCompile>
    <ClCompile Include="MainWindow.cpp">
      <Filter>GUI</Filter>
    </ClCompile>
    <ClCompile Include="EntryPoint.cpp">
      <Filter>Source Files</Filter>
    </ClCompile>
    <ClCompile Include="Exception.cpp">
      <Filter>Misc</Filter>
    </ClCompile>
    <ClCompile Include="GeometricObject.cpp">
      <Filter>GeometricObjects</Filter>
    </ClCompile>
    <ClCompile Include="Sphere.cpp">
      <Filter>GeometricObjects</Filter>
    </ClCompile>
    <ClCompile Include="Ray.cpp">
      <Filter>Utilities</Filter>
    </ClCompile>
    <ClCompile Include="HitInfo.cpp">
      <Filter>Utilities</Filter>
    </ClCompile>
    <ClCompile Include="Color.cpp">
      <Filter>Color</Filter>
    </ClCompile>
    <ClCompile Include="ImagePlane.cpp">
      <Filter>Source Files</Filter>
    </ClCompile>
    <ClCompile Include="Scene.cpp">
      <Filter>Source Files</Filter>
    </ClCompile>
    <ClCompile Include="Plane.cpp">
      <Filter>GeometricObjects</Filter>
    </ClCompile>
    <ClCompile Include="ImageProcessor.cpp">
      <Filter>ImageExport</Filter>
    </ClCompile>
    <ClCompile Include="Sampler.cpp">
      <Filter>Source Files</Filter>
    </ClCompile>
    <ClCompile Include="MaterialPhong.cpp">
      <Filter>Materials</Filter>
    </ClCompile>
    <ClCompile Include="Material.cpp">
      <Filter>Materials</Filter>
    </ClCompile>
    <ClCompile Include="MaterialEmissive.cpp">
      <Filter>Materials</Filter>
    </ClCompile>
  </ItemGroup>
  <ItemGroup>
    <ResourceCompile Include="GreenTopazTracer.rc">
      <Filter>Resource Files</Filter>
    </ResourceCompile>
  </ItemGroup>
  <ItemGroup>
    <Image Include="small.ico">
      <Filter>Resource Files</Filter>
    </Image>
    <Image Include="GreenTopazTracer.ico">
      <Filter>Resource Files</Filter>
    </Image>
  </ItemGroup>
  <ItemGroup>
    <None Include="Vector3.inl">
      <Filter>Math</Filter>
    </None>
  </ItemGroup>
</Project>